# THIS IS AN AUTOGENERATED FILE. DO NOT EDIT THIS FILE DIRECTLY.
# yarn lockfile v1


fern-api@0.11.0:
  version "0.11.0"
  resolved "https://registry.yarnpkg.com/fern-api/-/fern-api-0.11.0.tgz#7456dd9d0f2c7b9179e6031a66dce1750ce35817"
  integrity sha512-bhF1CQ9FGbVhsJAeGV6DyQYaKV7kK0wUvU/0kJgNcXHsIIhSDtOUUcBvkievxwzsbO/Kfh2W03baoimP5tw/rw==
