# This file is generated by running "yarn install" inside your project.
# Manual changes might be lost - proceed with caution!

__metadata:
  version: 6
  cacheKey: 8

"fern-api@npm:0.14.3":
  version: 0.14.3
  resolution: "fern-api@npm:0.14.3"
  bin:
    fern: cli.cjs
  checksum: b7d03e6de4192d62e5e6637fa2e38b619b44b061bab3f8777c0b56e0bacf00bc7896262f920710b4543359b758c937c82d695838c11a64b1de48b73b3804e627
  languageName: node
  linkType: hard

"ng-resume-api-fern@workspace:.":
  version: 0.0.0-use.local
  resolution: "ng-resume-api-fern@workspace:."
  dependencies:
    fern-api: 0.14.3
  languageName: unknown
  linkType: soft
