# THIS IS AN AUTOGENERATED FILE. DO NOT EDIT THIS FILE DIRECTLY.
# yarn lockfile v1


fern-api@^0.10.9:
  version "0.10.9"
  resolved "https://registry.yarnpkg.com/fern-api/-/fern-api-0.10.9.tgz#c3041d149428aa44c6a91acf9521a766efecb203"
  integrity sha512-6z9S0DiBISw1TaduXHRvEkSzZ+kmzRkYzeGVWXsOgxSTFRFEcR47IsjoRAmGwx+dUlHK9uz0NnUk1mCBUACobA==
